// !$*UTF8*$!
{
	archiveVersion = 1;
	classes = {
	};
	objectVersion = 56;
	objects = {

/* Begin PBXBuildFile section */
		EB81C7A32C38D3A700DE4815 /* DIContainer.swift in Sources */ = {isa = PBXBuildFile; fileRef = EB81C7A22C38D3A700DE4815 /* DIContainer.swift */; };
		EB81C7A52C38E8C500DE4815 /* AppDelegate.swift in Sources */ = {isa = PBXBuildFile; fileRef = EB81C7A42C38E8C500DE4815 /* AppDelegate.swift */; };
		EB81C7AB2C398A1700DE4815 /* GetFeedUseCase.swift in Sources */ = {isa = PBXBuildFile; fileRef = EB81C7AA2C398A1700DE4815 /* GetFeedUseCase.swift */; };
		EB81C7AD2C398A4A00DE4815 /* Product.swift in Sources */ = {isa = PBXBuildFile; fileRef = EB81C7AC2C398A4A00DE4815 /* Product.swift */; };
		EB81C7AF2C398BCF00DE4815 /* Banner.swift in Sources */ = {isa = PBXBuildFile; fileRef = EB81C7AE2C398BCF00DE4815 /* Banner.swift */; };
		EB81C7B42C398D5100DE4815 /* GetPromotedBannersUseCase.swift in Sources */ = {isa = PBXBuildFile; fileRef = EB81C7B32C398D5100DE4815 /* GetPromotedBannersUseCase.swift */; };
		EB81C7B62C398E2D00DE4815 /* GetPromotedBannersUseCaseImpl.swift in Sources */ = {isa = PBXBuildFile; fileRef = EB81C7B52C398E2D00DE4815 /* GetPromotedBannersUseCaseImpl.swift */; };
		EB81C7B82C398E7C00DE4815 /* BannerRepository.swift in Sources */ = {isa = PBXBuildFile; fileRef = EB81C7B72C398E7C00DE4815 /* BannerRepository.swift */; };
		EB81C7BA2C398F0700DE4815 /* BannerRepositoryImpl.swift in Sources */ = {isa = PBXBuildFile; fileRef = EB81C7B92C398F0700DE4815 /* BannerRepositoryImpl.swift */; };
		EB81C7BC2C398F6D00DE4815 /* BannerRemoteDataSource.swift in Sources */ = {isa = PBXBuildFile; fileRef = EB81C7BB2C398F6D00DE4815 /* BannerRemoteDataSource.swift */; };
		EB81C7BE2C398FA900DE4815 /* MockBannerRemoteDataSourceImpl.swift in Sources */ = {isa = PBXBuildFile; fileRef = EB81C7BD2C398FA900DE4815 /* MockBannerRemoteDataSourceImpl.swift */; };
		EB81C7C02C39938500DE4815 /* ProductRepository.swift in Sources */ = {isa = PBXBuildFile; fileRef = EB81C7BF2C39938500DE4815 /* ProductRepository.swift */; };
		EB81C7C22C3993EC00DE4815 /* ProductRepositoryImpl.swift in Sources */ = {isa = PBXBuildFile; fileRef = EB81C7C12C3993EC00DE4815 /* ProductRepositoryImpl.swift */; };
		EB81C7C52C39944200DE4815 /* ProductRemoteDataSource.swift in Sources */ = {isa = PBXBuildFile; fileRef = EB81C7C42C39944200DE4815 /* ProductRemoteDataSource.swift */; };
		EB81C7C72C3994A900DE4815 /* MockProductRemoteDataSourceImpl.swift in Sources */ = {isa = PBXBuildFile; fileRef = EB81C7C62C3994A900DE4815 /* MockProductRemoteDataSourceImpl.swift */; };
		EB81C7C92C3995FB00DE4815 /* GetFeedUseCaseImpl.swift in Sources */ = {isa = PBXBuildFile; fileRef = EB81C7C82C3995FB00DE4815 /* GetFeedUseCaseImpl.swift */; };
		EB81C7CB2C3A114800DE4815 /* CartItem.swift in Sources */ = {isa = PBXBuildFile; fileRef = EB81C7CA2C3A114800DE4815 /* CartItem.swift */; };
		EB81C7CE2C3A312F00DE4815 /* CartService.swift in Sources */ = {isa = PBXBuildFile; fileRef = EB81C7CD2C3A312F00DE4815 /* CartService.swift */; };
		EB81C7D02C3A399300DE4815 /* CartServiceImpl.swift in Sources */ = {isa = PBXBuildFile; fileRef = EB81C7CF2C3A399300DE4815 /* CartServiceImpl.swift */; };
		EB870A392C378D9700CEE635 /* Category.swift in Sources */ = {isa = PBXBuildFile; fileRef = EB870A382C378D9700CEE635 /* Category.swift */; };
		EB870A3C2C378E7D00CEE635 /* GetCategoriesUseCase.swift in Sources */ = {isa = PBXBuildFile; fileRef = EB870A3B2C378E7D00CEE635 /* GetCategoriesUseCase.swift */; };
		EB870A3F2C378FF000CEE635 /* GetCategoriesUseCaseImpl.swift in Sources */ = {isa = PBXBuildFile; fileRef = EB870A3E2C378FF000CEE635 /* GetCategoriesUseCaseImpl.swift */; };
		EB870A422C37929A00CEE635 /* CategoryRepository.swift in Sources */ = {isa = PBXBuildFile; fileRef = EB870A412C37929A00CEE635 /* CategoryRepository.swift */; };
		EB870A452C37932A00CEE635 /* CategoryRepositoryImpl.swift in Sources */ = {isa = PBXBuildFile; fileRef = EB870A442C37932A00CEE635 /* CategoryRepositoryImpl.swift */; };
		EB870A472C37958B00CEE635 /* CategoryRemoteDataSource.swift in Sources */ = {isa = PBXBuildFile; fileRef = EB870A462C37958B00CEE635 /* CategoryRemoteDataSource.swift */; };
		EB870A4A2C37962D00CEE635 /* MockCategoryRemoteDataSource.swift in Sources */ = {isa = PBXBuildFile; fileRef = EB870A492C37962D00CEE635 /* MockCategoryRemoteDataSource.swift */; };
		EB8BCA162C3B5E4200EE96FB /* UseCase.swift in Sources */ = {isa = PBXBuildFile; fileRef = EB8BCA152C3B5E4200EE96FB /* UseCase.swift */; };
		EB8BCA1A2C3B758800EE96FB /* GetProductsUseCase.swift in Sources */ = {isa = PBXBuildFile; fileRef = EB8BCA192C3B758800EE96FB /* GetProductsUseCase.swift */; };
		EB8BCA1C2C3B767900EE96FB /* GetProductsUseCaseImpl.swift in Sources */ = {isa = PBXBuildFile; fileRef = EB8BCA1B2C3B767900EE96FB /* GetProductsUseCaseImpl.swift */; };
		EB8BCA1F2C3B7FBE00EE96FB /* CartDetailView.swift in Sources */ = {isa = PBXBuildFile; fileRef = EB8BCA1E2C3B7FBE00EE96FB /* CartDetailView.swift */; };
		EB8BCA212C3C471F00EE96FB /* GetProductsUseCaseImplTest.swift in Sources */ = {isa = PBXBuildFile; fileRef = EB8BCA202C3C471F00EE96FB /* GetProductsUseCaseImplTest.swift */; };
		EB8BCA232C3CAF4900EE96FB /* GetBannersUseCase.swift in Sources */ = {isa = PBXBuildFile; fileRef = EB8BCA222C3CAF4900EE96FB /* GetBannersUseCase.swift */; };
		EB8BCA252C3CAFFC00EE96FB /* GetBannersUseCaseImpl.swift in Sources */ = {isa = PBXBuildFile; fileRef = EB8BCA242C3CAFFC00EE96FB /* GetBannersUseCaseImpl.swift */; };
		EBC1DE312C2A5AD700AF6026 /* LierApp.swift in Sources */ = {isa = PBXBuildFile; fileRef = EBC1DE302C2A5AD700AF6026 /* LierApp.swift */; };
		EBC1DE352C2A5AD900AF6026 /* Assets.xcassets in Resources */ = {isa = PBXBuildFile; fileRef = EBC1DE342C2A5AD900AF6026 /* Assets.xcassets */; };
		EBC1DE382C2A5AD900AF6026 /* Preview Assets.xcassets in Resources */ = {isa = PBXBuildFile; fileRef = EBC1DE372C2A5AD900AF6026 /* Preview Assets.xcassets */; };
		EBC1DE422C2A5AD900AF6026 /* LierTests.swift in Sources */ = {isa = PBXBuildFile; fileRef = EBC1DE412C2A5AD900AF6026 /* LierTests.swift */; };
		EBC1DE4C2C2A5AD900AF6026 /* LierUITests.swift in Sources */ = {isa = PBXBuildFile; fileRef = EBC1DE4B2C2A5AD900AF6026 /* LierUITests.swift */; };
		EBC1DE4E2C2A5AD900AF6026 /* LierUITestsLaunchTests.swift in Sources */ = {isa = PBXBuildFile; fileRef = EBC1DE4D2C2A5AD900AF6026 /* LierUITestsLaunchTests.swift */; };
		EBC1DE5E2C2D0B0B00AF6026 /* MainContentView.swift in Sources */ = {isa = PBXBuildFile; fileRef = EBC1DE5D2C2D0B0B00AF6026 /* MainContentView.swift */; };
		EBC1DE622C2D0D8400AF6026 /* DeliveryMethodView.swift in Sources */ = {isa = PBXBuildFile; fileRef = EBC1DE612C2D0D8400AF6026 /* DeliveryMethodView.swift */; };
		EBC1DE642C2D0E3100AF6026 /* DeliveryMethodWidgetView.swift in Sources */ = {isa = PBXBuildFile; fileRef = EBC1DE632C2D0E3100AF6026 /* DeliveryMethodWidgetView.swift */; };
		EBC1DE682C2FB24B00AF6026 /* CartWidgetView.swift in Sources */ = {isa = PBXBuildFile; fileRef = EBC1DE672C2FB24B00AF6026 /* CartWidgetView.swift */; };
/* End PBXBuildFile section */

/* Begin PBXContainerItemProxy section */
		EBC1DE3E2C2A5AD900AF6026 /* PBXContainerItemProxy */ = {
			isa = PBXContainerItemProxy;
			containerPortal = EBC1DE252C2A5AD700AF6026 /* Project object */;
			proxyType = 1;
			remoteGlobalIDString = EBC1DE2C2C2A5AD700AF6026;
			remoteInfo = Lier;
		};
		EBC1DE482C2A5AD900AF6026 /* PBXContainerItemProxy */ = {
			isa = PBXContainerItemProxy;
			containerPortal = EBC1DE252C2A5AD700AF6026 /* Project object */;
			proxyType = 1;
			remoteGlobalIDString = EBC1DE2C2C2A5AD700AF6026;
			remoteInfo = Lier;
		};
/* End PBXContainerItemProxy section */

/* Begin PBXFileReference section */
		EB81C7A22C38D3A700DE4815 /* DIContainer.swift */ = {isa = PBXFileReference; lastKnownFileType = sourcecode.swift; path = DIContainer.swift; sourceTree = "<group>"; };
		EB81C7A42C38E8C500DE4815 /* AppDelegate.swift */ = {isa = PBXFileReference; lastKnownFileType = sourcecode.swift; path = AppDelegate.swift; sourceTree = "<group>"; };
		EB81C7AA2C398A1700DE4815 /* GetFeedUseCase.swift */ = {isa = PBXFileReference; lastKnownFileType = sourcecode.swift; path = GetFeedUseCase.swift; sourceTree = "<group>"; };
		EB81C7AC2C398A4A00DE4815 /* Product.swift */ = {isa = PBXFileReference; lastKnownFileType = sourcecode.swift; path = Product.swift; sourceTree = "<group>"; };
		EB81C7AE2C398BCF00DE4815 /* Banner.swift */ = {isa = PBXFileReference; lastKnownFileType = sourcecode.swift; path = Banner.swift; sourceTree = "<group>"; };
		EB81C7B32C398D5100DE4815 /* GetPromotedBannersUseCase.swift */ = {isa = PBXFileReference; lastKnownFileType = sourcecode.swift; path = GetPromotedBannersUseCase.swift; sourceTree = "<group>"; };
		EB81C7B52C398E2D00DE4815 /* GetPromotedBannersUseCaseImpl.swift */ = {isa = PBXFileReference; lastKnownFileType = sourcecode.swift; path = GetPromotedBannersUseCaseImpl.swift; sourceTree = "<group>"; };
		EB81C7B72C398E7C00DE4815 /* BannerRepository.swift */ = {isa = PBXFileReference; lastKnownFileType = sourcecode.swift; path = BannerRepository.swift; sourceTree = "<group>"; };
		EB81C7B92C398F0700DE4815 /* BannerRepositoryImpl.swift */ = {isa = PBXFileReference; lastKnownFileType = sourcecode.swift; path = BannerRepositoryImpl.swift; sourceTree = "<group>"; };
		EB81C7BB2C398F6D00DE4815 /* BannerRemoteDataSource.swift */ = {isa = PBXFileReference; lastKnownFileType = sourcecode.swift; path = BannerRemoteDataSource.swift; sourceTree = "<group>"; };
		EB81C7BD2C398FA900DE4815 /* MockBannerRemoteDataSourceImpl.swift */ = {isa = PBXFileReference; lastKnownFileType = sourcecode.swift; path = MockBannerRemoteDataSourceImpl.swift; sourceTree = "<group>"; };
		EB81C7BF2C39938500DE4815 /* ProductRepository.swift */ = {isa = PBXFileReference; lastKnownFileType = sourcecode.swift; path = ProductRepository.swift; sourceTree = "<group>"; };
		EB81C7C12C3993EC00DE4815 /* ProductRepositoryImpl.swift */ = {isa = PBXFileReference; lastKnownFileType = sourcecode.swift; path = ProductRepositoryImpl.swift; sourceTree = "<group>"; };
		EB81C7C42C39944200DE4815 /* ProductRemoteDataSource.swift */ = {isa = PBXFileReference; lastKnownFileType = sourcecode.swift; path = ProductRemoteDataSource.swift; sourceTree = "<group>"; };
		EB81C7C62C3994A900DE4815 /* MockProductRemoteDataSourceImpl.swift */ = {isa = PBXFileReference; lastKnownFileType = sourcecode.swift; path = MockProductRemoteDataSourceImpl.swift; sourceTree = "<group>"; };
		EB81C7C82C3995FB00DE4815 /* GetFeedUseCaseImpl.swift */ = {isa = PBXFileReference; lastKnownFileType = sourcecode.swift; path = GetFeedUseCaseImpl.swift; sourceTree = "<group>"; };
		EB81C7CA2C3A114800DE4815 /* CartItem.swift */ = {isa = PBXFileReference; lastKnownFileType = sourcecode.swift; path = CartItem.swift; sourceTree = "<group>"; };
		EB81C7CD2C3A312F00DE4815 /* CartService.swift */ = {isa = PBXFileReference; lastKnownFileType = sourcecode.swift; path = CartService.swift; sourceTree = "<group>"; };
		EB81C7CF2C3A399300DE4815 /* CartServiceImpl.swift */ = {isa = PBXFileReference; lastKnownFileType = sourcecode.swift; path = CartServiceImpl.swift; sourceTree = "<group>"; };
		EB870A382C378D9700CEE635 /* Category.swift */ = {isa = PBXFileReference; lastKnownFileType = sourcecode.swift; path = Category.swift; sourceTree = "<group>"; };
		EB870A3B2C378E7D00CEE635 /* GetCategoriesUseCase.swift */ = {isa = PBXFileReference; lastKnownFileType = sourcecode.swift; path = GetCategoriesUseCase.swift; sourceTree = "<group>"; };
		EB870A3E2C378FF000CEE635 /* GetCategoriesUseCaseImpl.swift */ = {isa = PBXFileReference; lastKnownFileType = sourcecode.swift; path = GetCategoriesUseCaseImpl.swift; sourceTree = "<group>"; };
		EB870A412C37929A00CEE635 /* CategoryRepository.swift */ = {isa = PBXFileReference; lastKnownFileType = sourcecode.swift; path = CategoryRepository.swift; sourceTree = "<group>"; };
		EB870A442C37932A00CEE635 /* CategoryRepositoryImpl.swift */ = {isa = PBXFileReference; lastKnownFileType = sourcecode.swift; path = CategoryRepositoryImpl.swift; sourceTree = "<group>"; };
		EB870A462C37958B00CEE635 /* CategoryRemoteDataSource.swift */ = {isa = PBXFileReference; lastKnownFileType = sourcecode.swift; path = CategoryRemoteDataSource.swift; sourceTree = "<group>"; };
		EB870A492C37962D00CEE635 /* MockCategoryRemoteDataSource.swift */ = {isa = PBXFileReference; lastKnownFileType = sourcecode.swift; path = MockCategoryRemoteDataSource.swift; sourceTree = "<group>"; };
		EB870A4B2C38D03900CEE635 /* Info.plist */ = {isa = PBXFileReference; lastKnownFileType = text.plist; path = Info.plist; sourceTree = "<group>"; };
		EB8BCA152C3B5E4200EE96FB /* UseCase.swift */ = {isa = PBXFileReference; lastKnownFileType = sourcecode.swift; path = UseCase.swift; sourceTree = "<group>"; };
		EB8BCA192C3B758800EE96FB /* GetProductsUseCase.swift */ = {isa = PBXFileReference; lastKnownFileType = sourcecode.swift; path = GetProductsUseCase.swift; sourceTree = "<group>"; };
		EB8BCA1B2C3B767900EE96FB /* GetProductsUseCaseImpl.swift */ = {isa = PBXFileReference; lastKnownFileType = sourcecode.swift; path = GetProductsUseCaseImpl.swift; sourceTree = "<group>"; };
		EB8BCA1E2C3B7FBE00EE96FB /* CartDetailView.swift */ = {isa = PBXFileReference; lastKnownFileType = sourcecode.swift; path = CartDetailView.swift; sourceTree = "<group>"; };
		EB8BCA202C3C471F00EE96FB /* GetProductsUseCaseImplTest.swift */ = {isa = PBXFileReference; lastKnownFileType = sourcecode.swift; path = GetProductsUseCaseImplTest.swift; sourceTree = "<group>"; };
		EB8BCA222C3CAF4900EE96FB /* GetBannersUseCase.swift */ = {isa = PBXFileReference; lastKnownFileType = sourcecode.swift; path = GetBannersUseCase.swift; sourceTree = "<group>"; };
		EB8BCA242C3CAFFC00EE96FB /* GetBannersUseCaseImpl.swift */ = {isa = PBXFileReference; lastKnownFileType = sourcecode.swift; path = GetBannersUseCaseImpl.swift; sourceTree = "<group>"; };
		EBC1DE2D2C2A5AD700AF6026 /* Lier.app */ = {isa = PBXFileReference; explicitFileType = wrapper.application; includeInIndex = 0; path = Lier.app; sourceTree = BUILT_PRODUCTS_DIR; };
		EBC1DE302C2A5AD700AF6026 /* LierApp.swift */ = {isa = PBXFileReference; lastKnownFileType = sourcecode.swift; path = LierApp.swift; sourceTree = "<group>"; };
		EBC1DE342C2A5AD900AF6026 /* Assets.xcassets */ = {isa = PBXFileReference; lastKnownFileType = folder.assetcatalog; path = Assets.xcassets; sourceTree = "<group>"; };
		EBC1DE372C2A5AD900AF6026 /* Preview Assets.xcassets */ = {isa = PBXFileReference; lastKnownFileType = folder.assetcatalog; path = "Preview Assets.xcassets"; sourceTree = "<group>"; };
		EBC1DE3D2C2A5AD900AF6026 /* LierTests.xctest */ = {isa = PBXFileReference; explicitFileType = wrapper.cfbundle; includeInIndex = 0; path = LierTests.xctest; sourceTree = BUILT_PRODUCTS_DIR; };
		EBC1DE412C2A5AD900AF6026 /* LierTests.swift */ = {isa = PBXFileReference; lastKnownFileType = sourcecode.swift; path = LierTests.swift; sourceTree = "<group>"; };
		EBC1DE472C2A5AD900AF6026 /* LierUITests.xctest */ = {isa = PBXFileReference; explicitFileType = wrapper.cfbundle; includeInIndex = 0; path = LierUITests.xctest; sourceTree = BUILT_PRODUCTS_DIR; };
		EBC1DE4B2C2A5AD900AF6026 /* LierUITests.swift */ = {isa = PBXFileReference; lastKnownFileType = sourcecode.swift; path = LierUITests.swift; sourceTree = "<group>"; };
		EBC1DE4D2C2A5AD900AF6026 /* LierUITestsLaunchTests.swift */ = {isa = PBXFileReference; lastKnownFileType = sourcecode.swift; path = LierUITestsLaunchTests.swift; sourceTree = "<group>"; };
		EBC1DE5D2C2D0B0B00AF6026 /* MainContentView.swift */ = {isa = PBXFileReference; lastKnownFileType = sourcecode.swift; path = MainContentView.swift; sourceTree = "<group>"; };
		EBC1DE612C2D0D8400AF6026 /* DeliveryMethodView.swift */ = {isa = PBXFileReference; lastKnownFileType = sourcecode.swift; path = DeliveryMethodView.swift; sourceTree = "<group>"; };
		EBC1DE632C2D0E3100AF6026 /* DeliveryMethodWidgetView.swift */ = {isa = PBXFileReference; lastKnownFileType = sourcecode.swift; path = DeliveryMethodWidgetView.swift; sourceTree = "<group>"; };
		EBC1DE672C2FB24B00AF6026 /* CartWidgetView.swift */ = {isa = PBXFileReference; lastKnownFileType = sourcecode.swift; path = CartWidgetView.swift; sourceTree = "<group>"; };
/* End PBXFileReference section */

/* Begin PBXFrameworksBuildPhase section */
		EBC1DE2A2C2A5AD700AF6026 /* Frameworks */ = {
			isa = PBXFrameworksBuildPhase;
			buildActionMask = 2147483647;
			files = (
			);
			runOnlyForDeploymentPostprocessing = 0;
		};
		EBC1DE3A2C2A5AD900AF6026 /* Frameworks */ = {
			isa = PBXFrameworksBuildPhase;
			buildActionMask = 2147483647;
			files = (
			);
			runOnlyForDeploymentPostprocessing = 0;
		};
		EBC1DE442C2A5AD900AF6026 /* Frameworks */ = {
			isa = PBXFrameworksBuildPhase;
			buildActionMask = 2147483647;
			files = (
			);
			runOnlyForDeploymentPostprocessing = 0;
		};
/* End PBXFrameworksBuildPhase section */

/* Begin PBXGroup section */
		EB81C7A02C38D2C200DE4815 /* Core */ = {
			isa = PBXGroup;
			children = (
				EB81C7A12C38D36B00DE4815 /* DI */,
			);
			path = Core;
			sourceTree = "<group>";
		};
		EB81C7A12C38D36B00DE4815 /* DI */ = {
			isa = PBXGroup;
			children = (
				EB81C7A22C38D3A700DE4815 /* DIContainer.swift */,
			);
			path = DI;
			sourceTree = "<group>";
		};
		EB81C7A62C39851000DE4815 /* Cart */ = {
			isa = PBXGroup;
			children = (
			);
			path = Cart;
			sourceTree = "<group>";
		};
		EB81C7A72C39898800DE4815 /* Feed */ = {
			isa = PBXGroup;
			children = (
				EB81C7A92C3989B600DE4815 /* Interactor */,
				EB81C7A82C39899300DE4815 /* Interfaces */,
			);
			path = Feed;
			sourceTree = "<group>";
		};
		EB81C7A82C39899300DE4815 /* Interfaces */ = {
			isa = PBXGroup;
			children = (
				EB81C7AA2C398A1700DE4815 /* GetFeedUseCase.swift */,
			);
			path = Interfaces;
			sourceTree = "<group>";
		};
		EB81C7A92C3989B600DE4815 /* Interactor */ = {
			isa = PBXGroup;
			children = (
				EB81C7C82C3995FB00DE4815 /* GetFeedUseCaseImpl.swift */,
			);
			path = Interactor;
			sourceTree = "<group>";
		};
		EB81C7B02C398CE200DE4815 /* Banners */ = {
			isa = PBXGroup;
			children = (
				EB81C7B22C398CF600DE4815 /* Interactor */,
				EB81C7B12C398CF000DE4815 /* Interface */,
			);
			path = Banners;
			sourceTree = "<group>";
		};
		EB81C7B12C398CF000DE4815 /* Interface */ = {
			isa = PBXGroup;
			children = (
				EB81C7B32C398D5100DE4815 /* GetPromotedBannersUseCase.swift */,
				EB8BCA222C3CAF4900EE96FB /* GetBannersUseCase.swift */,
			);
			path = Interface;
			sourceTree = "<group>";
		};
		EB81C7B22C398CF600DE4815 /* Interactor */ = {
			isa = PBXGroup;
			children = (
				EB81C7B52C398E2D00DE4815 /* GetPromotedBannersUseCaseImpl.swift */,
				EB8BCA242C3CAFFC00EE96FB /* GetBannersUseCaseImpl.swift */,
			);
			path = Interactor;
			sourceTree = "<group>";
		};
		EB81C7CC2C3A311300DE4815 /* Cart */ = {
			isa = PBXGroup;
			children = (
				EB81C7CD2C3A312F00DE4815 /* CartService.swift */,
				EB81C7CF2C3A399300DE4815 /* CartServiceImpl.swift */,
			);
			path = Cart;
			sourceTree = "<group>";
		};
		EB870A2A2C37896600CEE635 /* Data */ = {
			isa = PBXGroup;
			children = (
				EB81C7CC2C3A311300DE4815 /* Cart */,
				EB870A2C2C3789CC00CEE635 /* Products */,
				EB870A2B2C3789C400CEE635 /* Categories */,
			);
			path = Data;
			sourceTree = "<group>";
		};
		EB870A2B2C3789C400CEE635 /* Categories */ = {
			isa = PBXGroup;
			children = (
				EB870A482C3795BF00CEE635 /* DataSources */,
				EB870A432C3792E200CEE635 /* Repositories */,
			);
			path = Categories;
			sourceTree = "<group>";
		};
		EB870A2C2C3789CC00CEE635 /* Products */ = {
			isa = PBXGroup;
			children = (
			);
			path = Products;
			sourceTree = "<group>";
		};
		EB870A2F2C378AF000CEE635 /* Domain */ = {
			isa = PBXGroup;
			children = (
				EB870A312C378B5D00CEE635 /* Categories */,
				EB870A302C378B5100CEE635 /* Products */,
			);
			path = Domain;
			sourceTree = "<group>";
		};
		EB870A302C378B5100CEE635 /* Products */ = {
			isa = PBXGroup;
			children = (
				EB870A352C378D1E00CEE635 /* Entities */,
			);
			path = Products;
			sourceTree = "<group>";
		};
		EB870A312C378B5D00CEE635 /* Categories */ = {
			isa = PBXGroup;
			children = (
				EB870A402C37927300CEE635 /* Repositories */,
				EB870A342C378D0300CEE635 /* Entities */,
			);
			path = Categories;
			sourceTree = "<group>";
		};
		EB870A332C378CB200CEE635 /* UseCase */ = {
			isa = PBXGroup;
			children = (
				EB81C7B02C398CE200DE4815 /* Banners */,
				EB81C7A72C39898800DE4815 /* Feed */,
				EB81C7A62C39851000DE4815 /* Cart */,
				EB870A372C378D7800CEE635 /* Products */,
				EB870A362C378D6F00CEE635 /* Categories */,
				EB8BCA152C3B5E4200EE96FB /* UseCase.swift */,
			);
			path = UseCase;
			sourceTree = "<group>";
		};
		EB870A342C378D0300CEE635 /* Entities */ = {
			isa = PBXGroup;
			children = (
				EB870A382C378D9700CEE635 /* Category.swift */,
				EB81C7AC2C398A4A00DE4815 /* Product.swift */,
				EB81C7AE2C398BCF00DE4815 /* Banner.swift */,
				EB81C7CA2C3A114800DE4815 /* CartItem.swift */,
			);
			path = Entities;
			sourceTree = "<group>";
		};
		EB870A352C378D1E00CEE635 /* Entities */ = {
			isa = PBXGroup;
			children = (
			);
			path = Entities;
			sourceTree = "<group>";
		};
		EB870A362C378D6F00CEE635 /* Categories */ = {
			isa = PBXGroup;
			children = (
				EB870A3D2C378E8500CEE635 /* Interactor */,
				EB870A3A2C378E4500CEE635 /* Interfaces */,
			);
			path = Categories;
			sourceTree = "<group>";
		};
		EB870A372C378D7800CEE635 /* Products */ = {
			isa = PBXGroup;
			children = (
				EB8BCA192C3B758800EE96FB /* GetProductsUseCase.swift */,
				EB8BCA1B2C3B767900EE96FB /* GetProductsUseCaseImpl.swift */,
			);
			path = Products;
			sourceTree = "<group>";
		};
		EB870A3A2C378E4500CEE635 /* Interfaces */ = {
			isa = PBXGroup;
			children = (
				EB870A3B2C378E7D00CEE635 /* GetCategoriesUseCase.swift */,
			);
			path = Interfaces;
			sourceTree = "<group>";
		};
		EB870A3D2C378E8500CEE635 /* Interactor */ = {
			isa = PBXGroup;
			children = (
				EB870A3E2C378FF000CEE635 /* GetCategoriesUseCaseImpl.swift */,
			);
			path = Interactor;
			sourceTree = "<group>";
		};
		EB870A402C37927300CEE635 /* Repositories */ = {
			isa = PBXGroup;
			children = (
				EB870A412C37929A00CEE635 /* CategoryRepository.swift */,
				EB870A462C37958B00CEE635 /* CategoryRemoteDataSource.swift */,
				EB81C7B72C398E7C00DE4815 /* BannerRepository.swift */,
				EB81C7B92C398F0700DE4815 /* BannerRepositoryImpl.swift */,
				EB81C7BB2C398F6D00DE4815 /* BannerRemoteDataSource.swift */,
				EB81C7BD2C398FA900DE4815 /* MockBannerRemoteDataSourceImpl.swift */,
				EB81C7BF2C39938500DE4815 /* ProductRepository.swift */,
				EB81C7C12C3993EC00DE4815 /* ProductRepositoryImpl.swift */,
				EB81C7C42C39944200DE4815 /* ProductRemoteDataSource.swift */,
				EB81C7C62C3994A900DE4815 /* MockProductRemoteDataSourceImpl.swift */,
			);
			path = Repositories;
			sourceTree = "<group>";
		};
		EB870A432C3792E200CEE635 /* Repositories */ = {
			isa = PBXGroup;
			children = (
				EB870A442C37932A00CEE635 /* CategoryRepositoryImpl.swift */,
			);
			path = Repositories;
			sourceTree = "<group>";
		};
		EB870A482C3795BF00CEE635 /* DataSources */ = {
			isa = PBXGroup;
			children = (
				EB870A492C37962D00CEE635 /* MockCategoryRemoteDataSource.swift */,
			);
			path = DataSources;
			sourceTree = "<group>";
		};
		EB8BCA1D2C3B7FAF00EE96FB /* Detail */ = {
			isa = PBXGroup;
			children = (
				EB8BCA1E2C3B7FBE00EE96FB /* CartDetailView.swift */,
			);
			path = Detail;
			sourceTree = "<group>";
		};
		EBC1DE242C2A5AD700AF6026 = {
			isa = PBXGroup;
			children = (
				EBC1DE2F2C2A5AD700AF6026 /* Lier */,
				EBC1DE402C2A5AD900AF6026 /* LierTests */,
				EBC1DE4A2C2A5AD900AF6026 /* LierUITests */,
				EBC1DE2E2C2A5AD700AF6026 /* Products */,
			);
			sourceTree = "<group>";
		};
		EBC1DE2E2C2A5AD700AF6026 /* Products */ = {
			isa = PBXGroup;
			children = (
				EBC1DE2D2C2A5AD700AF6026 /* Lier.app */,
				EBC1DE3D2C2A5AD900AF6026 /* LierTests.xctest */,
				EBC1DE472C2A5AD900AF6026 /* LierUITests.xctest */,
			);
			name = Products;
			sourceTree = "<group>";
		};
		EBC1DE2F2C2A5AD700AF6026 /* Lier */ = {
			isa = PBXGroup;
			children = (
				EB81C7A02C38D2C200DE4815 /* Core */,
				EB870A4B2C38D03900CEE635 /* Info.plist */,
				EB870A332C378CB200CEE635 /* UseCase */,
				EB870A2F2C378AF000CEE635 /* Domain */,
				EB870A2A2C37896600CEE635 /* Data */,
				EBC1DE5A2C2D082300AF6026 /* Presentation */,
				EBC1DE302C2A5AD700AF6026 /* LierApp.swift */,
				EB81C7A42C38E8C500DE4815 /* AppDelegate.swift */,
				EBC1DE342C2A5AD900AF6026 /* Assets.xcassets */,
				EBC1DE362C2A5AD900AF6026 /* Preview Content */,
			);
			path = Lier;
			sourceTree = "<group>";
		};
		EBC1DE362C2A5AD900AF6026 /* Preview Content */ = {
			isa = PBXGroup;
			children = (
				EBC1DE372C2A5AD900AF6026 /* Preview Assets.xcassets */,
			);
			path = "Preview Content";
			sourceTree = "<group>";
		};
		EBC1DE402C2A5AD900AF6026 /* LierTests */ = {
			isa = PBXGroup;
			children = (
				EBC1DE412C2A5AD900AF6026 /* LierTests.swift */,
				EB8BCA202C3C471F00EE96FB /* GetProductsUseCaseImplTest.swift */,
			);
			path = LierTests;
			sourceTree = "<group>";
		};
		EBC1DE4A2C2A5AD900AF6026 /* LierUITests */ = {
			isa = PBXGroup;
			children = (
				EBC1DE4B2C2A5AD900AF6026 /* LierUITests.swift */,
				EBC1DE4D2C2A5AD900AF6026 /* LierUITestsLaunchTests.swift */,
			);
			path = LierUITests;
			sourceTree = "<group>";
		};
		EBC1DE5A2C2D082300AF6026 /* Presentation */ = {
			isa = PBXGroup;
			children = (
				EBC1DE652C2FB22500AF6026 /* Cart */,
				EBC1DE5F2C2D0D3F00AF6026 /* Main */,
			);
			path = Presentation;
			sourceTree = "<group>";
		};
		EBC1DE5F2C2D0D3F00AF6026 /* Main */ = {
			isa = PBXGroup;
			children = (
				EBC1DE602C2D0D4700AF6026 /* DeliveryMethod */,
				EBC1DE5D2C2D0B0B00AF6026 /* MainContentView.swift */,
			);
			path = Main;
			sourceTree = "<group>";
		};
		EBC1DE602C2D0D4700AF6026 /* DeliveryMethod */ = {
			isa = PBXGroup;
			children = (
				EBC1DE612C2D0D8400AF6026 /* DeliveryMethodView.swift */,
				EBC1DE632C2D0E3100AF6026 /* DeliveryMethodWidgetView.swift */,
			);
			path = DeliveryMethod;
			sourceTree = "<group>";
		};
		EBC1DE652C2FB22500AF6026 /* Cart */ = {
			isa = PBXGroup;
			children = (
				EB8BCA1D2C3B7FAF00EE96FB /* Detail */,
				EBC1DE662C2FB22E00AF6026 /* Widget */,
			);
			path = Cart;
			sourceTree = "<group>";
		};
		EBC1DE662C2FB22E00AF6026 /* Widget */ = {
			isa = PBXGroup;
			children = (
				EBC1DE672C2FB24B00AF6026 /* CartWidgetView.swift */,
			);
			path = Widget;
			sourceTree = "<group>";
		};
/* End PBXGroup section */

/* Begin PBXNativeTarget section */
		EBC1DE2C2C2A5AD700AF6026 /* Lier */ = {
			isa = PBXNativeTarget;
			buildConfigurationList = EBC1DE512C2A5AD900AF6026 /* Build configuration list for PBXNativeTarget "Lier" */;
			buildPhases = (
				EBC1DE292C2A5AD700AF6026 /* Sources */,
				EBC1DE2A2C2A5AD700AF6026 /* Frameworks */,
				EBC1DE2B2C2A5AD700AF6026 /* Resources */,
			);
			buildRules = (
			);
			dependencies = (
			);
			name = Lier;
			productName = Lier;
			productReference = EBC1DE2D2C2A5AD700AF6026 /* Lier.app */;
			productType = "com.apple.product-type.application";
		};
		EBC1DE3C2C2A5AD900AF6026 /* LierTests */ = {
			isa = PBXNativeTarget;
			buildConfigurationList = EBC1DE542C2A5AD900AF6026 /* Build configuration list for PBXNativeTarget "LierTests" */;
			buildPhases = (
				EBC1DE392C2A5AD900AF6026 /* Sources */,
				EBC1DE3A2C2A5AD900AF6026 /* Frameworks */,
				EBC1DE3B2C2A5AD900AF6026 /* Resources */,
			);
			buildRules = (
			);
			dependencies = (
				EBC1DE3F2C2A5AD900AF6026 /* PBXTargetDependency */,
			);
			name = LierTests;
			productName = LierTests;
			productReference = EBC1DE3D2C2A5AD900AF6026 /* LierTests.xctest */;
			productType = "com.apple.product-type.bundle.unit-test";
		};
		EBC1DE462C2A5AD900AF6026 /* LierUITests */ = {
			isa = PBXNativeTarget;
			buildConfigurationList = EBC1DE572C2A5AD900AF6026 /* Build configuration list for PBXNativeTarget "LierUITests" */;
			buildPhases = (
				EBC1DE432C2A5AD900AF6026 /* Sources */,
				EBC1DE442C2A5AD900AF6026 /* Frameworks */,
				EBC1DE452C2A5AD900AF6026 /* Resources */,
			);
			buildRules = (
			);
			dependencies = (
				EBC1DE492C2A5AD900AF6026 /* PBXTargetDependency */,
			);
			name = LierUITests;
			productName = LierUITests;
			productReference = EBC1DE472C2A5AD900AF6026 /* LierUITests.xctest */;
			productType = "com.apple.product-type.bundle.ui-testing";
		};
/* End PBXNativeTarget section */

/* Begin PBXProject section */
		EBC1DE252C2A5AD700AF6026 /* Project object */ = {
			isa = PBXProject;
			attributes = {
				BuildIndependentTargetsInParallel = 1;
				LastSwiftUpdateCheck = 1540;
				LastUpgradeCheck = 1540;
				TargetAttributes = {
					EBC1DE2C2C2A5AD700AF6026 = {
						CreatedOnToolsVersion = 15.4;
					};
					EBC1DE3C2C2A5AD900AF6026 = {
						CreatedOnToolsVersion = 15.4;
						TestTargetID = EBC1DE2C2C2A5AD700AF6026;
					};
					EBC1DE462C2A5AD900AF6026 = {
						CreatedOnToolsVersion = 15.4;
						TestTargetID = EBC1DE2C2C2A5AD700AF6026;
					};
				};
			};
			buildConfigurationList = EBC1DE282C2A5AD700AF6026 /* Build configuration list for PBXProject "Lier" */;
			compatibilityVersion = "Xcode 14.0";
			developmentRegion = en;
			hasScannedForEncodings = 0;
			knownRegions = (
				en,
				Base,
			);
			mainGroup = EBC1DE242C2A5AD700AF6026;
			productRefGroup = EBC1DE2E2C2A5AD700AF6026 /* Products */;
			projectDirPath = "";
			projectRoot = "";
			targets = (
				EBC1DE2C2C2A5AD700AF6026 /* Lier */,
				EBC1DE3C2C2A5AD900AF6026 /* LierTests */,
				EBC1DE462C2A5AD900AF6026 /* LierUITests */,
			);
		};
/* End PBXProject section */

/* Begin PBXResourcesBuildPhase section */
		EBC1DE2B2C2A5AD700AF6026 /* Resources */ = {
			isa = PBXResourcesBuildPhase;
			buildActionMask = 2147483647;
			files = (
				EBC1DE382C2A5AD900AF6026 /* Preview Assets.xcassets in Resources */,
				EBC1DE352C2A5AD900AF6026 /* Assets.xcassets in Resources */,
			);
			runOnlyForDeploymentPostprocessing = 0;
		};
		EBC1DE3B2C2A5AD900AF6026 /* Resources */ = {
			isa = PBXResourcesBuildPhase;
			buildActionMask = 2147483647;
			files = (
			);
			runOnlyForDeploymentPostprocessing = 0;
		};
		EBC1DE452C2A5AD900AF6026 /* Resources */ = {
			isa = PBXResourcesBuildPhase;
			buildActionMask = 2147483647;
			files = (
			);
			runOnlyForDeploymentPostprocessing = 0;
		};
/* End PBXResourcesBuildPhase section */

/* Begin PBXSourcesBuildPhase section */
		EBC1DE292C2A5AD700AF6026 /* Sources */ = {
			isa = PBXSourcesBuildPhase;
			buildActionMask = 2147483647;
			files = (
				EB870A3F2C378FF000CEE635 /* GetCategoriesUseCaseImpl.swift in Sources */,
				EB8BCA1C2C3B767900EE96FB /* GetProductsUseCaseImpl.swift in Sources */,
				EB81C7B42C398D5100DE4815 /* GetPromotedBannersUseCase.swift in Sources */,
				EB81C7BC2C398F6D00DE4815 /* BannerRemoteDataSource.swift in Sources */,
				EB81C7CE2C3A312F00DE4815 /* CartService.swift in Sources */,
				EB81C7D02C3A399300DE4815 /* CartServiceImpl.swift in Sources */,
				EBC1DE312C2A5AD700AF6026 /* LierApp.swift in Sources */,
				EB81C7B82C398E7C00DE4815 /* BannerRepository.swift in Sources */,
				EB870A422C37929A00CEE635 /* CategoryRepository.swift in Sources */,
				EBC1DE682C2FB24B00AF6026 /* CartWidgetView.swift in Sources */,
				EB81C7A52C38E8C500DE4815 /* AppDelegate.swift in Sources */,
				EB81C7B62C398E2D00DE4815 /* GetPromotedBannersUseCaseImpl.swift in Sources */,
				EB81C7BA2C398F0700DE4815 /* BannerRepositoryImpl.swift in Sources */,
				EB81C7C22C3993EC00DE4815 /* ProductRepositoryImpl.swift in Sources */,
				EB870A4A2C37962D00CEE635 /* MockCategoryRemoteDataSource.swift in Sources */,
				EB81C7C72C3994A900DE4815 /* MockProductRemoteDataSourceImpl.swift in Sources */,
				EB81C7C02C39938500DE4815 /* ProductRepository.swift in Sources */,
				EB870A452C37932A00CEE635 /* CategoryRepositoryImpl.swift in Sources */,
				EB8BCA252C3CAFFC00EE96FB /* GetBannersUseCaseImpl.swift in Sources */,
				EB8BCA162C3B5E4200EE96FB /* UseCase.swift in Sources */,
				EB81C7C92C3995FB00DE4815 /* GetFeedUseCaseImpl.swift in Sources */,
				EB8BCA232C3CAF4900EE96FB /* GetBannersUseCase.swift in Sources */,
				EB81C7A32C38D3A700DE4815 /* DIContainer.swift in Sources */,
				EBC1DE5E2C2D0B0B00AF6026 /* MainContentView.swift in Sources */,
				EB8BCA1A2C3B758800EE96FB /* GetProductsUseCase.swift in Sources */,
				EB8BCA1F2C3B7FBE00EE96FB /* CartDetailView.swift in Sources */,
				EB81C7BE2C398FA900DE4815 /* MockBannerRemoteDataSourceImpl.swift in Sources */,
				EB81C7AD2C398A4A00DE4815 /* Product.swift in Sources */,
				EBC1DE642C2D0E3100AF6026 /* DeliveryMethodWidgetView.swift in Sources */,
				EBC1DE622C2D0D8400AF6026 /* DeliveryMethodView.swift in Sources */,
				EB870A392C378D9700CEE635 /* Category.swift in Sources */,
				EB870A472C37958B00CEE635 /* CategoryRemoteDataSource.swift in Sources */,
				EB81C7CB2C3A114800DE4815 /* CartItem.swift in Sources */,
				EB81C7AF2C398BCF00DE4815 /* Banner.swift in Sources */,
				EB870A3C2C378E7D00CEE635 /* GetCategoriesUseCase.swift in Sources */,
				EB81C7C52C39944200DE4815 /* ProductRemoteDataSource.swift in Sources */,
				EB81C7AB2C398A1700DE4815 /* GetFeedUseCase.swift in Sources */,
			);
			runOnlyForDeploymentPostprocessing = 0;
		};
		EBC1DE392C2A5AD900AF6026 /* Sources */ = {
			isa = PBXSourcesBuildPhase;
			buildActionMask = 2147483647;
			files = (
				EB8BCA212C3C471F00EE96FB /* GetProductsUseCaseImplTest.swift in Sources */,
				EBC1DE422C2A5AD900AF6026 /* LierTests.swift in Sources */,
			);
			runOnlyForDeploymentPostprocessing = 0;
		};
		EBC1DE432C2A5AD900AF6026 /* Sources */ = {
			isa = PBXSourcesBuildPhase;
			buildActionMask = 2147483647;
			files = (
				EBC1DE4E2C2A5AD900AF6026 /* LierUITestsLaunchTests.swift in Sources */,
				EBC1DE4C2C2A5AD900AF6026 /* LierUITests.swift in Sources */,
			);
			runOnlyForDeploymentPostprocessing = 0;
		};
/* End PBXSourcesBuildPhase section */

/* Begin PBXTargetDependency section */
		EBC1DE3F2C2A5AD900AF6026 /* PBXTargetDependency */ = {
			isa = PBXTargetDependency;
			target = EBC1DE2C2C2A5AD700AF6026 /* Lier */;
			targetProxy = EBC1DE3E2C2A5AD900AF6026 /* PBXContainerItemProxy */;
		};
		EBC1DE492C2A5AD900AF6026 /* PBXTargetDependency */ = {
			isa = PBXTargetDependency;
			target = EBC1DE2C2C2A5AD700AF6026 /* Lier */;
			targetProxy = EBC1DE482C2A5AD900AF6026 /* PBXContainerItemProxy */;
		};
/* End PBXTargetDependency section */

/* Begin XCBuildConfiguration section */
		EBC1DE4F2C2A5AD900AF6026 /* Debug */ = {
			isa = XCBuildConfiguration;
			buildSettings = {
				ALWAYS_SEARCH_USER_PATHS = NO;
				ASSETCATALOG_COMPILER_GENERATE_SWIFT_ASSET_SYMBOL_EXTENSIONS = YES;
				CLANG_ANALYZER_NONNULL = YES;
				CLANG_ANALYZER_NUMBER_OBJECT_CONVERSION = YES_AGGRESSIVE;
				CLANG_CXX_LANGUAGE_STANDARD = "gnu++20";
				CLANG_ENABLE_MODULES = YES;
				CLANG_ENABLE_OBJC_ARC = YES;
				CLANG_ENABLE_OBJC_WEAK = YES;
				CLANG_WARN_BLOCK_CAPTURE_AUTORELEASING = YES;
				CLANG_WARN_BOOL_CONVERSION = YES;
				CLANG_WARN_COMMA = YES;
				CLANG_WARN_CONSTANT_CONVERSION = YES;
				CLANG_WARN_DEPRECATED_OBJC_IMPLEMENTATIONS = YES;
				CLANG_WARN_DIRECT_OBJC_ISA_USAGE = YES_ERROR;
				CLANG_WARN_DOCUMENTATION_COMMENTS = YES;
				CLANG_WARN_EMPTY_BODY = YES;
				CLANG_WARN_ENUM_CONVERSION = YES;
				CLANG_WARN_INFINITE_RECURSION = YES;
				CLANG_WARN_INT_CONVERSION = YES;
				CLANG_WARN_NON_LITERAL_NULL_CONVERSION = YES;
				CLANG_WARN_OBJC_IMPLICIT_RETAIN_SELF = YES;
				CLANG_WARN_OBJC_LITERAL_CONVERSION = YES;
				CLANG_WARN_OBJC_ROOT_CLASS = YES_ERROR;
				CLANG_WARN_QUOTED_INCLUDE_IN_FRAMEWORK_HEADER = YES;
				CLANG_WARN_RANGE_LOOP_ANALYSIS = YES;
				CLANG_WARN_STRICT_PROTOTYPES = YES;
				CLANG_WARN_SUSPICIOUS_MOVE = YES;
				CLANG_WARN_UNGUARDED_AVAILABILITY = YES_AGGRESSIVE;
				CLANG_WARN_UNREACHABLE_CODE = YES;
				CLANG_WARN__DUPLICATE_METHOD_MATCH = YES;
				COPY_PHASE_STRIP = NO;
				DEBUG_INFORMATION_FORMAT = dwarf;
				ENABLE_STRICT_OBJC_MSGSEND = YES;
				ENABLE_TESTABILITY = YES;
				ENABLE_USER_SCRIPT_SANDBOXING = YES;
				GCC_C_LANGUAGE_STANDARD = gnu17;
				GCC_DYNAMIC_NO_PIC = NO;
				GCC_NO_COMMON_BLOCKS = YES;
				GCC_OPTIMIZATION_LEVEL = 0;
				GCC_PREPROCESSOR_DEFINITIONS = (
					"DEBUG=1",
					"$(inherited)",
				);
				GCC_WARN_64_TO_32_BIT_CONVERSION = YES;
				GCC_WARN_ABOUT_RETURN_TYPE = YES_ERROR;
				GCC_WARN_UNDECLARED_SELECTOR = YES;
				GCC_WARN_UNINITIALIZED_AUTOS = YES_AGGRESSIVE;
				GCC_WARN_UNUSED_FUNCTION = YES;
				GCC_WARN_UNUSED_VARIABLE = YES;
				IPHONEOS_DEPLOYMENT_TARGET = 17.5;
				LOCALIZATION_PREFERS_STRING_CATALOGS = YES;
				MTL_ENABLE_DEBUG_INFO = INCLUDE_SOURCE;
				MTL_FAST_MATH = YES;
				ONLY_ACTIVE_ARCH = YES;
				SDKROOT = iphoneos;
				SWIFT_ACTIVE_COMPILATION_CONDITIONS = "DEBUG $(inherited)";
				SWIFT_OPTIMIZATION_LEVEL = "-Onone";
			};
			name = Debug;
		};
		EBC1DE502C2A5AD900AF6026 /* Release */ = {
			isa = XCBuildConfiguration;
			buildSettings = {
				ALWAYS_SEARCH_USER_PATHS = NO;
				ASSETCATALOG_COMPILER_GENERATE_SWIFT_ASSET_SYMBOL_EXTENSIONS = YES;
				CLANG_ANALYZER_NONNULL = YES;
				CLANG_ANALYZER_NUMBER_OBJECT_CONVERSION = YES_AGGRESSIVE;
				CLANG_CXX_LANGUAGE_STANDARD = "gnu++20";
				CLANG_ENABLE_MODULES = YES;
				CLANG_ENABLE_OBJC_ARC = YES;
				CLANG_ENABLE_OBJC_WEAK = YES;
				CLANG_WARN_BLOCK_CAPTURE_AUTORELEASING = YES;
				CLANG_WARN_BOOL_CONVERSION = YES;
				CLANG_WARN_COMMA = YES;
				CLANG_WARN_CONSTANT_CONVERSION = YES;
				CLANG_WARN_DEPRECATED_OBJC_IMPLEMENTATIONS = YES;
				CLANG_WARN_DIRECT_OBJC_ISA_USAGE = YES_ERROR;
				CLANG_WARN_DOCUMENTATION_COMMENTS = YES;
				CLANG_WARN_EMPTY_BODY = YES;
				CLANG_WARN_ENUM_CONVERSION = YES;
				CLANG_WARN_INFINITE_RECURSION = YES;
				CLANG_WARN_INT_CONVERSION = YES;
				CLANG_WARN_NON_LITERAL_NULL_CONVERSION = YES;
				CLANG_WARN_OBJC_IMPLICIT_RETAIN_SELF = YES;
				CLANG_WARN_OBJC_LITERAL_CONVERSION = YES;
				CLANG_WARN_OBJC_ROOT_CLASS = YES_ERROR;
				CLANG_WARN_QUOTED_INCLUDE_IN_FRAMEWORK_HEADER = YES;
				CLANG_WARN_RANGE_LOOP_ANALYSIS = YES;
				CLANG_WARN_STRICT_PROTOTYPES = YES;
				CLANG_WARN_SUSPICIOUS_MOVE = YES;
				CLANG_WARN_UNGUARDED_AVAILABILITY = YES_AGGRESSIVE;
				CLANG_WARN_UNREACHABLE_CODE = YES;
				CLANG_WARN__DUPLICATE_METHOD_MATCH = YES;
				COPY_PHASE_STRIP = NO;
				DEBUG_INFORMATION_FORMAT = "dwarf-with-dsym";
				ENABLE_NS_ASSERTIONS = NO;
				ENABLE_STRICT_OBJC_MSGSEND = YES;
				ENABLE_USER_SCRIPT_SANDBOXING = YES;
				GCC_C_LANGUAGE_STANDARD = gnu17;
				GCC_NO_COMMON_BLOCKS = YES;
				GCC_WARN_64_TO_32_BIT_CONVERSION = YES;
				GCC_WARN_ABOUT_RETURN_TYPE = YES_ERROR;
				GCC_WARN_UNDECLARED_SELECTOR = YES;
				GCC_WARN_UNINITIALIZED_AUTOS = YES_AGGRESSIVE;
				GCC_WARN_UNUSED_FUNCTION = YES;
				GCC_WARN_UNUSED_VARIABLE = YES;
				IPHONEOS_DEPLOYMENT_TARGET = 17.5;
				LOCALIZATION_PREFERS_STRING_CATALOGS = YES;
				MTL_ENABLE_DEBUG_INFO = NO;
				MTL_FAST_MATH = YES;
				SDKROOT = iphoneos;
				SWIFT_COMPILATION_MODE = wholemodule;
				VALIDATE_PRODUCT = YES;
			};
			name = Release;
		};
		EBC1DE522C2A5AD900AF6026 /* Debug */ = {
			isa = XCBuildConfiguration;
			buildSettings = {
				ASSETCATALOG_COMPILER_APPICON_NAME = AppIcon;
				ASSETCATALOG_COMPILER_GLOBAL_ACCENT_COLOR_NAME = AccentColor;
				CODE_SIGN_STYLE = Automatic;
				CURRENT_PROJECT_VERSION = 1;
				DEVELOPMENT_ASSET_PATHS = "\"Lier/Preview Content\"";
				ENABLE_PREVIEWS = YES;
				GENERATE_INFOPLIST_FILE = YES;
				INFOPLIST_FILE = Lier/Info.plist;
				INFOPLIST_KEY_UIApplicationSceneManifest_Generation = YES;
				INFOPLIST_KEY_UIApplicationSupportsIndirectInputEvents = YES;
				INFOPLIST_KEY_UISupportedInterfaceOrientations_iPad = "UIInterfaceOrientationPortrait UIInterfaceOrientationPortraitUpsideDown UIInterfaceOrientationLandscapeLeft UIInterfaceOrientationLandscapeRight";
				INFOPLIST_KEY_UISupportedInterfaceOrientations_iPhone = "UIInterfaceOrientationPortrait UIInterfaceOrientationLandscapeLeft UIInterfaceOrientationLandscapeRight";
				LD_RUNPATH_SEARCH_PATHS = (
					"$(inherited)",
					"@executable_path/Frameworks",
				);
				MARKETING_VERSION = 1.0;
				PRODUCT_BUNDLE_IDENTIFIER = rothen.pedro.Lier;
				PRODUCT_NAME = "$(TARGET_NAME)";
				SWIFT_EMIT_LOC_STRINGS = YES;
				SWIFT_VERSION = 5.0;
				TARGETED_DEVICE_FAMILY = "1,2";
			};
			name = Debug;
		};
		EBC1DE532C2A5AD900AF6026 /* Release */ = {
			isa = XCBuildConfiguration;
			buildSettings = {
				ASSETCATALOG_COMPILER_APPICON_NAME = AppIcon;
				ASSETCATALOG_COMPILER_GLOBAL_ACCENT_COLOR_NAME = AccentColor;
				CODE_SIGN_STYLE = Automatic;
				CURRENT_PROJECT_VERSION = 1;
				DEVELOPMENT_ASSET_PATHS = "\"Lier/Preview Content\"";
				ENABLE_PREVIEWS = YES;
				GENERATE_INFOPLIST_FILE = YES;
				INFOPLIST_FILE = Lier/Info.plist;
				INFOPLIST_KEY_UIApplicationSceneManifest_Generation = YES;
				INFOPLIST_KEY_UIApplicationSupportsIndirectInputEvents = YES;
				INFOPLIST_KEY_UISupportedInterfaceOrientations_iPad = "UIInterfaceOrientationPortrait UIInterfaceOrientationPortraitUpsideDown UIInterfaceOrientationLandscapeLeft UIInterfaceOrientationLandscapeRight";
				INFOPLIST_KEY_UISupportedInterfaceOrientations_iPhone = "UIInterfaceOrientationPortrait UIInterfaceOrientationLandscapeLeft UIInterfaceOrientationLandscapeRight";
				LD_RUNPATH_SEARCH_PATHS = (
					"$(inherited)",
					"@executable_path/Frameworks",
				);
				MARKETING_VERSION = 1.0;
				PRODUCT_BUNDLE_IDENTIFIER = rothen.pedro.Lier;
				PRODUCT_NAME = "$(TARGET_NAME)";
				SWIFT_EMIT_LOC_STRINGS = YES;
				SWIFT_VERSION = 5.0;
				TARGETED_DEVICE_FAMILY = "1,2";
			};
			name = Release;
		};
		EBC1DE552C2A5AD900AF6026 /* Debug */ = {
			isa = XCBuildConfiguration;
			buildSettings = {
				ALWAYS_EMBED_SWIFT_STANDARD_LIBRARIES = YES;
				BUNDLE_LOADER = "$(TEST_HOST)";
				CODE_SIGN_STYLE = Automatic;
				CURRENT_PROJECT_VERSION = 1;
				GENERATE_INFOPLIST_FILE = YES;
				IPHONEOS_DEPLOYMENT_TARGET = 17.5;
				MARKETING_VERSION = 1.0;
				PRODUCT_BUNDLE_IDENTIFIER = rothen.pedro.LierTests;
				PRODUCT_NAME = "$(TARGET_NAME)";
				SWIFT_EMIT_LOC_STRINGS = NO;
				SWIFT_VERSION = 5.0;
				TARGETED_DEVICE_FAMILY = "1,2";
				TEST_HOST = "$(BUILT_PRODUCTS_DIR)/Lier.app/$(BUNDLE_EXECUTABLE_FOLDER_PATH)/Lier";
			};
			name = Debug;
		};
		EBC1DE562C2A5AD900AF6026 /* Release */ = {
			isa = XCBuildConfiguration;
			buildSettings = {
				ALWAYS_EMBED_SWIFT_STANDARD_LIBRARIES = YES;
				BUNDLE_LOADER = "$(TEST_HOST)";
				CODE_SIGN_STYLE = Automatic;
				CURRENT_PROJECT_VERSION = 1;
				GENERATE_INFOPLIST_FILE = YES;
				IPHONEOS_DEPLOYMENT_TARGET = 17.5;
				MARKETING_VERSION = 1.0;
				PRODUCT_BUNDLE_IDENTIFIER = rothen.pedro.LierTests;
				PRODUCT_NAME = "$(TARGET_NAME)";
				SWIFT_EMIT_LOC_STRINGS = NO;
				SWIFT_VERSION = 5.0;
				TARGETED_DEVICE_FAMILY = "1,2";
				TEST_HOST = "$(BUILT_PRODUCTS_DIR)/Lier.app/$(BUNDLE_EXECUTABLE_FOLDER_PATH)/Lier";
			};
			name = Release;
		};
		EBC1DE582C2A5AD900AF6026 /* Debug */ = {
			isa = XCBuildConfiguration;
			buildSettings = {
				ALWAYS_EMBED_SWIFT_STANDARD_LIBRARIES = YES;
				CODE_SIGN_STYLE = Automatic;
				CURRENT_PROJECT_VERSION = 1;
				GENERATE_INFOPLIST_FILE = YES;
				MARKETING_VERSION = 1.0;
				PRODUCT_BUNDLE_IDENTIFIER = rothen.pedro.LierUITests;
				PRODUCT_NAME = "$(TARGET_NAME)";
				SWIFT_EMIT_LOC_STRINGS = NO;
				SWIFT_VERSION = 5.0;
				TARGETED_DEVICE_FAMILY = "1,2";
				TEST_TARGET_NAME = Lier;
			};
			name = Debug;
		};
		EBC1DE592C2A5AD900AF6026 /* Release */ = {
			isa = XCBuildConfiguration;
			buildSettings = {
				ALWAYS_EMBED_SWIFT_STANDARD_LIBRARIES = YES;
				CODE_SIGN_STYLE = Automatic;
				CURRENT_PROJECT_VERSION = 1;
				GENERATE_INFOPLIST_FILE = YES;
				MARKETING_VERSION = 1.0;
				PRODUCT_BUNDLE_IDENTIFIER = rothen.pedro.LierUITests;
				PRODUCT_NAME = "$(TARGET_NAME)";
				SWIFT_EMIT_LOC_STRINGS = NO;
				SWIFT_VERSION = 5.0;
				TARGETED_DEVICE_FAMILY = "1,2";
				TEST_TARGET_NAME = Lier;
			};
			name = Release;
		};
/* End XCBuildConfiguration section */

/* Begin XCConfigurationList section */
		EBC1DE282C2A5AD700AF6026 /* Build configuration list for PBXProject "Lier" */ = {
			isa = XCConfigurationList;
			buildConfigurations = (
				EBC1DE4F2C2A5AD900AF6026 /* Debug */,
				EBC1DE502C2A5AD900AF6026 /* Release */,
			);
			defaultConfigurationIsVisible = 0;
			defaultConfigurationName = Release;
		};
		EBC1DE512C2A5AD900AF6026 /* Build configuration list for PBXNativeTarget "Lier" */ = {
			isa = XCConfigurationList;
			buildConfigurations = (
				EBC1DE522C2A5AD900AF6026 /* Debug */,
				EBC1DE532C2A5AD900AF6026 /* Release */,
			);
			defaultConfigurationIsVisible = 0;
			defaultConfigurationName = Release;
		};
		EBC1DE542C2A5AD900AF6026 /* Build configuration list for PBXNativeTarget "LierTests" */ = {
			isa = XCConfigurationList;
			buildConfigurations = (
				EBC1DE552C2A5AD900AF6026 /* Debug */,
				EBC1DE562C2A5AD900AF6026 /* Release */,
			);
			defaultConfigurationIsVisible = 0;
			defaultConfigurationName = Release;
		};
		EBC1DE572C2A5AD900AF6026 /* Build configuration list for PBXNativeTarget "LierUITests" */ = {
			isa = XCConfigurationList;
			buildConfigurations = (
				EBC1DE582C2A5AD900AF6026 /* Debug */,
				EBC1DE592C2A5AD900AF6026 /* Release */,
			);
			defaultConfigurationIsVisible = 0;
			defaultConfigurationName = Release;
		};
/* End XCConfigurationList section */
	};
	rootObject = EBC1DE252C2A5AD700AF6026 /* Project object */;
}
